// !$*UTF8*$!
{
	archiveVersion = 1;
	classes = {
	};
	objectVersion = 56;
	objects = {

/* Begin PBXBuildFile section */
		AC0494562A7E7D9E0032FFF6 /* MotionCommandOptionList.swift in Sources */ = {isa = PBXBuildFile; fileRef = AC0494552A7E7D9E0032FFF6 /* MotionCommandOptionList.swift */; };
		AC3056212A58753900BAC46F /* Secret.plist in Resources */ = {isa = PBXBuildFile; fileRef = AC3056202A58753900BAC46F /* Secret.plist */; };
		AC3056232A5876A500BAC46F /* MachineTransmissionInfo.swift in Sources */ = {isa = PBXBuildFile; fileRef = AC3056222A5876A500BAC46F /* MachineTransmissionInfo.swift */; };
		AC3056252A59526100BAC46F /* WhichMachine.swift in Sources */ = {isa = PBXBuildFile; fileRef = AC3056242A59526100BAC46F /* WhichMachine.swift */; };
		AC3056272A59541600BAC46F /* CsvFileManager.swift in Sources */ = {isa = PBXBuildFile; fileRef = AC3056262A59541600BAC46F /* CsvFileManager.swift */; };
		AC3056292A5957D100BAC46F /* TransmissionManager.swift in Sources */ = {isa = PBXBuildFile; fileRef = AC3056282A5957D100BAC46F /* TransmissionManager.swift */; };
		AC30562C2A59613600BAC46F /* FileSendViewModel.swift in Sources */ = {isa = PBXBuildFile; fileRef = AC30562B2A59613600BAC46F /* FileSendViewModel.swift */; };
		AC30562E2A59670100BAC46F /* TerminalViewModel.swift in Sources */ = {isa = PBXBuildFile; fileRef = AC30562D2A59670100BAC46F /* TerminalViewModel.swift */; };
		AC3056312A59689800BAC46F /* TerminalView.swift in Sources */ = {isa = PBXBuildFile; fileRef = AC3056302A59689800BAC46F /* TerminalView.swift */; };
		AC3056332A596B9000BAC46F /* ButtonAndTerminalView.swift in Sources */ = {isa = PBXBuildFile; fileRef = AC3056322A596B9000BAC46F /* ButtonAndTerminalView.swift */; };
		AC392C7B2A528CB5003A5C88 /* DoubleLoopEntranceBlackLineView.swift in Sources */ = {isa = PBXBuildFile; fileRef = AC392C7A2A528CB5003A5C88 /* DoubleLoopEntranceBlackLineView.swift */; };
		AC392C7D2A528E50003A5C88 /* AreaAView.swift in Sources */ = {isa = PBXBuildFile; fileRef = AC392C7C2A528E50003A5C88 /* AreaAView.swift */; };
		AC392C7F2A5299A4003A5C88 /* AreaBView.swift in Sources */ = {isa = PBXBuildFile; fileRef = AC392C7E2A5299A4003A5C88 /* AreaBView.swift */; };
		AC392C812A529B2F003A5C88 /* DoubleLoopExitBlackLineView.swift in Sources */ = {isa = PBXBuildFile; fileRef = AC392C802A529B2F003A5C88 /* DoubleLoopExitBlackLineView.swift */; };
		AC392C832A529CE6003A5C88 /* DoubleLoopEntranceBlueStraightLineView.swift in Sources */ = {isa = PBXBuildFile; fileRef = AC392C822A529CE6003A5C88 /* DoubleLoopEntranceBlueStraightLineView.swift */; };
		AC392C852A529E17003A5C88 /* DoubleLoopEntranceBlueCurveLineView.swift in Sources */ = {isa = PBXBuildFile; fileRef = AC392C842A529E17003A5C88 /* DoubleLoopEntranceBlueCurveLineView.swift */; };
		AC49863F2A8618E0002F0E45 /* SortableVStack.swift in Sources */ = {isa = PBXBuildFile; fileRef = AC49863E2A8618E0002F0E45 /* SortableVStack.swift */; };
		AC6D14BD2A50528C00AADB04 /* ETRobocon2023App.swift in Sources */ = {isa = PBXBuildFile; fileRef = AC6D14BC2A50528C00AADB04 /* ETRobocon2023App.swift */; };
		AC6D14BF2A50528C00AADB04 /* ContentView.swift in Sources */ = {isa = PBXBuildFile; fileRef = AC6D14BE2A50528C00AADB04 /* ContentView.swift */; };
		AC6D14C12A50528E00AADB04 /* Assets.xcassets in Resources */ = {isa = PBXBuildFile; fileRef = AC6D14C02A50528E00AADB04 /* Assets.xcassets */; };
		AC6D14C42A50528E00AADB04 /* Preview Assets.xcassets in Resources */ = {isa = PBXBuildFile; fileRef = AC6D14C32A50528E00AADB04 /* Preview Assets.xcassets */; };
		AC6D14CE2A51D32100AADB04 /* LCourseSize.swift in Sources */ = {isa = PBXBuildFile; fileRef = AC6D14CD2A51D32100AADB04 /* LCourseSize.swift */; };
		AC6D14D02A51D58000AADB04 /* LCourseViewSize.swift in Sources */ = {isa = PBXBuildFile; fileRef = AC6D14CF2A51D58000AADB04 /* LCourseViewSize.swift */; };
		AC6D14D32A51D9B500AADB04 /* CourseView.swift in Sources */ = {isa = PBXBuildFile; fileRef = AC6D14D22A51D9B500AADB04 /* CourseView.swift */; };
		AC6D14D52A526F4F00AADB04 /* StartBlueLineView.swift in Sources */ = {isa = PBXBuildFile; fileRef = AC6D14D42A526F4F00AADB04 /* StartBlueLineView.swift */; };
		AC6D14D72A52712B00AADB04 /* RightBlackStraightLineView.swift in Sources */ = {isa = PBXBuildFile; fileRef = AC6D14D62A52712B00AADB04 /* RightBlackStraightLineView.swift */; };
		AC6D14D92A52728600AADB04 /* RightBottomBlackCornerView.swift in Sources */ = {isa = PBXBuildFile; fileRef = AC6D14D82A52728600AADB04 /* RightBottomBlackCornerView.swift */; };
		AC6D14DB2A52743C00AADB04 /* BottomBlackStraightLineView.swift in Sources */ = {isa = PBXBuildFile; fileRef = AC6D14DA2A52743C00AADB04 /* BottomBlackStraightLineView.swift */; };
		AC6D14DD2A5275F900AADB04 /* LeftBottomBlackCornerView.swift in Sources */ = {isa = PBXBuildFile; fileRef = AC6D14DC2A5275F900AADB04 /* LeftBottomBlackCornerView.swift */; };
		AC6D14DF2A52775500AADB04 /* LeftBlackStraightLineView.swift in Sources */ = {isa = PBXBuildFile; fileRef = AC6D14DE2A52775500AADB04 /* LeftBlackStraightLineView.swift */; };
		AC720C022A529F7C00406BCB /* BlockDeTreasureCircleView.swift in Sources */ = {isa = PBXBuildFile; fileRef = AC720C012A529F7C00406BCB /* BlockDeTreasureCircleView.swift */; };
		AC720C042A52A07C00406BCB /* LineTraceEndCircleView.swift in Sources */ = {isa = PBXBuildFile; fileRef = AC720C032A52A07C00406BCB /* LineTraceEndCircleView.swift */; };
		AC720C062A52A1C500406BCB /* BlockDeTreasureFourCirclesView.swift in Sources */ = {isa = PBXBuildFile; fileRef = AC720C052A52A1C500406BCB /* BlockDeTreasureFourCirclesView.swift */; };
		AC720C082A52A4CD00406BCB /* BlockDeTreasureHorizontalLinesView.swift in Sources */ = {isa = PBXBuildFile; fileRef = AC720C072A52A4CD00406BCB /* BlockDeTreasureHorizontalLinesView.swift */; };
		AC720C0A2A52A95500406BCB /* BlockDeTreasureVerticalLinesView.swift in Sources */ = {isa = PBXBuildFile; fileRef = AC720C092A52A95500406BCB /* BlockDeTreasureVerticalLinesView.swift */; };
		AC720C0C2A52AD5B00406BCB /* BlockDeTreasureView.swift in Sources */ = {isa = PBXBuildFile; fileRef = AC720C0B2A52AD5B00406BCB /* BlockDeTreasureView.swift */; };
		AC720C0F2A52C41B00406BCB /* BlinkEffect.swift in Sources */ = {isa = PBXBuildFile; fileRef = AC720C0E2A52C41B00406BCB /* BlinkEffect.swift */; };
		AC720C112A52EA9E00406BCB /* PulsatingLineView.swift in Sources */ = {isa = PBXBuildFile; fileRef = AC720C102A52EA9E00406BCB /* PulsatingLineView.swift */; };
		AC9980132A7EAFB2009C92CA /* ColorLineTrace.swift in Sources */ = {isa = PBXBuildFile; fileRef = AC9980122A7EAFB2009C92CA /* ColorLineTrace.swift */; };
		AC9980152A7EB06D009C92CA /* DistanceStraight.swift in Sources */ = {isa = PBXBuildFile; fileRef = AC9980142A7EB06D009C92CA /* DistanceStraight.swift */; };
		AC9980172A7EB0E0009C92CA /* ColorStraight.swift in Sources */ = {isa = PBXBuildFile; fileRef = AC9980162A7EB0E0009C92CA /* ColorStraight.swift */; };
		AC9980192A7EB1A1009C92CA /* SpecifiedAngleTurning.swift in Sources */ = {isa = PBXBuildFile; fileRef = AC9980182A7EB1A1009C92CA /* SpecifiedAngleTurning.swift */; };
		AC99801B2A7EB2C4009C92CA /* DistanceSpecifiedTurning.swift in Sources */ = {isa = PBXBuildFile; fileRef = AC99801A2A7EB2C4009C92CA /* DistanceSpecifiedTurning.swift */; };
		AC99801D2A7EB323009C92CA /* EdgeSwitching.swift in Sources */ = {isa = PBXBuildFile; fileRef = AC99801C2A7EB323009C92CA /* EdgeSwitching.swift */; };
		AC99801F2A7EB381009C92CA /* SleepSelf.swift in Sources */ = {isa = PBXBuildFile; fileRef = AC99801E2A7EB381009C92CA /* SleepSelf.swift */; };
		AC9980212A7EB3E7009C92CA /* RaiseArm.swift in Sources */ = {isa = PBXBuildFile; fileRef = AC9980202A7EB3E7009C92CA /* RaiseArm.swift */; };
		AC9980232A7EB43E009C92CA /* LowerArm.swift in Sources */ = {isa = PBXBuildFile; fileRef = AC9980222A7EB43E009C92CA /* LowerArm.swift */; };
		AC9980252A7EBEF0009C92CA /* CourseMapAndCommandView.swift in Sources */ = {isa = PBXBuildFile; fileRef = AC9980242A7EBEF0009C92CA /* CourseMapAndCommandView.swift */; };
		ACA02FAA2A84C4D500329EF3 /* ListToSelectOneSection.swift in Sources */ = {isa = PBXBuildFile; fileRef = ACA02FA92A84C4D500329EF3 /* ListToSelectOneSection.swift */; };
		ACA09F0E2A84F3C2000D0871 /* SelectedCommandCell.swift in Sources */ = {isa = PBXBuildFile; fileRef = ACA09F0D2A84F3C2000D0871 /* SelectedCommandCell.swift */; };
		ACA09F102A8606A8000D0871 /* ParameterCell.swift in Sources */ = {isa = PBXBuildFile; fileRef = ACA09F0F2A8606A8000D0871 /* ParameterCell.swift */; };
		ACA09F122A8606C1000D0871 /* ParameterCellView.swift in Sources */ = {isa = PBXBuildFile; fileRef = ACA09F112A8606C1000D0871 /* ParameterCellView.swift */; };
		ACA09F142A8607EA000D0871 /* SelectedCommandCellInfo.swift in Sources */ = {isa = PBXBuildFile; fileRef = ACA09F132A8607EA000D0871 /* SelectedCommandCellInfo.swift */; };
		ACA09F162A8611AC000D0871 /* SelectedCommandTitleView.swift in Sources */ = {isa = PBXBuildFile; fileRef = ACA09F152A8611AC000D0871 /* SelectedCommandTitleView.swift */; };
		ACBA6FE92A84946400680A3B /* DistanceLineTraceCell.swift in Sources */ = {isa = PBXBuildFile; fileRef = ACBA6FE82A84946400680A3B /* DistanceLineTraceCell.swift */; };
		ACC550CF2A530A7000DDAC49 /* SegmentNames.swift in Sources */ = {isa = PBXBuildFile; fileRef = ACC550CE2A530A7000DDAC49 /* SegmentNames.swift */; };
		ACC550D12A530D6400DDAC49 /* PulsatingCourseView.swift in Sources */ = {isa = PBXBuildFile; fileRef = ACC550D02A530D6400DDAC49 /* PulsatingCourseView.swift */; };
		ACC550D32A53191800DDAC49 /* StaticCourseView.swift in Sources */ = {isa = PBXBuildFile; fileRef = ACC550D22A53191800DDAC49 /* StaticCourseView.swift */; };
		ACC550D52A531C1200DDAC49 /* SegmentNamesListView.swift in Sources */ = {isa = PBXBuildFile; fileRef = ACC550D42A531C1200DDAC49 /* SegmentNamesListView.swift */; };
		ACC550D72A531D0E00DDAC49 /* CourseMapAndListView.swift in Sources */ = {isa = PBXBuildFile; fileRef = ACC550D62A531D0E00DDAC49 /* CourseMapAndListView.swift */; };
		ACE8CD7C2A7E4848003CF974 /* MotionCommand.swift in Sources */ = {isa = PBXBuildFile; fileRef = ACE8CD7B2A7E4848003CF974 /* MotionCommand.swift */; };
		ACE8CD7E2A7E48C6003CF974 /* MotionCommandEnum.swift in Sources */ = {isa = PBXBuildFile; fileRef = ACE8CD7D2A7E48C6003CF974 /* MotionCommandEnum.swift */; };
		ACE8CD812A7E4ACF003CF974 /* TurningToCompensateForAngle.swift in Sources */ = {isa = PBXBuildFile; fileRef = ACE8CD802A7E4ACF003CF974 /* TurningToCompensateForAngle.swift */; };
		ACE8CD842A7E4C1F003CF974 /* MotionCommandOptionCell.swift in Sources */ = {isa = PBXBuildFile; fileRef = ACE8CD832A7E4C1F003CF974 /* MotionCommandOptionCell.swift */; };
		ACE8CD862A7E5723003CF974 /* DistanceLineTrace.swift in Sources */ = {isa = PBXBuildFile; fileRef = ACE8CD852A7E5723003CF974 /* DistanceLineTrace.swift */; };
/* End PBXBuildFile section */

/* Begin PBXFileReference section */
		AC0494552A7E7D9E0032FFF6 /* MotionCommandOptionList.swift */ = {isa = PBXFileReference; lastKnownFileType = sourcecode.swift; path = MotionCommandOptionList.swift; sourceTree = "<group>"; };
		AC3056202A58753900BAC46F /* Secret.plist */ = {isa = PBXFileReference; lastKnownFileType = text.plist.xml; path = Secret.plist; sourceTree = "<group>"; };
		AC3056222A5876A500BAC46F /* MachineTransmissionInfo.swift */ = {isa = PBXFileReference; lastKnownFileType = sourcecode.swift; path = MachineTransmissionInfo.swift; sourceTree = "<group>"; };
		AC3056242A59526100BAC46F /* WhichMachine.swift */ = {isa = PBXFileReference; lastKnownFileType = sourcecode.swift; path = WhichMachine.swift; sourceTree = "<group>"; };
		AC3056262A59541600BAC46F /* CsvFileManager.swift */ = {isa = PBXFileReference; lastKnownFileType = sourcecode.swift; path = CsvFileManager.swift; sourceTree = "<group>"; };
		AC3056282A5957D100BAC46F /* TransmissionManager.swift */ = {isa = PBXFileReference; lastKnownFileType = sourcecode.swift; path = TransmissionManager.swift; sourceTree = "<group>"; };
		AC30562B2A59613600BAC46F /* FileSendViewModel.swift */ = {isa = PBXFileReference; lastKnownFileType = sourcecode.swift; path = FileSendViewModel.swift; sourceTree = "<group>"; };
		AC30562D2A59670100BAC46F /* TerminalViewModel.swift */ = {isa = PBXFileReference; lastKnownFileType = sourcecode.swift; path = TerminalViewModel.swift; sourceTree = "<group>"; };
		AC3056302A59689800BAC46F /* TerminalView.swift */ = {isa = PBXFileReference; lastKnownFileType = sourcecode.swift; path = TerminalView.swift; sourceTree = "<group>"; };
		AC3056322A596B9000BAC46F /* ButtonAndTerminalView.swift */ = {isa = PBXFileReference; lastKnownFileType = sourcecode.swift; path = ButtonAndTerminalView.swift; sourceTree = "<group>"; };
		AC392C7A2A528CB5003A5C88 /* DoubleLoopEntranceBlackLineView.swift */ = {isa = PBXFileReference; lastKnownFileType = sourcecode.swift; path = DoubleLoopEntranceBlackLineView.swift; sourceTree = "<group>"; };
		AC392C7C2A528E50003A5C88 /* AreaAView.swift */ = {isa = PBXFileReference; lastKnownFileType = sourcecode.swift; path = AreaAView.swift; sourceTree = "<group>"; };
		AC392C7E2A5299A4003A5C88 /* AreaBView.swift */ = {isa = PBXFileReference; lastKnownFileType = sourcecode.swift; path = AreaBView.swift; sourceTree = "<group>"; };
		AC392C802A529B2F003A5C88 /* DoubleLoopExitBlackLineView.swift */ = {isa = PBXFileReference; lastKnownFileType = sourcecode.swift; path = DoubleLoopExitBlackLineView.swift; sourceTree = "<group>"; };
		AC392C822A529CE6003A5C88 /* DoubleLoopEntranceBlueStraightLineView.swift */ = {isa = PBXFileReference; lastKnownFileType = sourcecode.swift; path = DoubleLoopEntranceBlueStraightLineView.swift; sourceTree = "<group>"; };
		AC392C842A529E17003A5C88 /* DoubleLoopEntranceBlueCurveLineView.swift */ = {isa = PBXFileReference; lastKnownFileType = sourcecode.swift; path = DoubleLoopEntranceBlueCurveLineView.swift; sourceTree = "<group>"; };
		AC49863E2A8618E0002F0E45 /* SortableVStack.swift */ = {isa = PBXFileReference; lastKnownFileType = sourcecode.swift; path = SortableVStack.swift; sourceTree = "<group>"; };
		AC6D14B92A50528C00AADB04 /* ETRobocon2023.app */ = {isa = PBXFileReference; explicitFileType = wrapper.application; includeInIndex = 0; path = ETRobocon2023.app; sourceTree = BUILT_PRODUCTS_DIR; };
		AC6D14BC2A50528C00AADB04 /* ETRobocon2023App.swift */ = {isa = PBXFileReference; lastKnownFileType = sourcecode.swift; path = ETRobocon2023App.swift; sourceTree = "<group>"; };
		AC6D14BE2A50528C00AADB04 /* ContentView.swift */ = {isa = PBXFileReference; lastKnownFileType = sourcecode.swift; path = ContentView.swift; sourceTree = "<group>"; };
		AC6D14C02A50528E00AADB04 /* Assets.xcassets */ = {isa = PBXFileReference; lastKnownFileType = folder.assetcatalog; path = Assets.xcassets; sourceTree = "<group>"; };
		AC6D14C32A50528E00AADB04 /* Preview Assets.xcassets */ = {isa = PBXFileReference; lastKnownFileType = folder.assetcatalog; path = "Preview Assets.xcassets"; sourceTree = "<group>"; };
		AC6D14CD2A51D32100AADB04 /* LCourseSize.swift */ = {isa = PBXFileReference; lastKnownFileType = sourcecode.swift; path = LCourseSize.swift; sourceTree = "<group>"; };
		AC6D14CF2A51D58000AADB04 /* LCourseViewSize.swift */ = {isa = PBXFileReference; lastKnownFileType = sourcecode.swift; path = LCourseViewSize.swift; sourceTree = "<group>"; };
		AC6D14D22A51D9B500AADB04 /* CourseView.swift */ = {isa = PBXFileReference; lastKnownFileType = sourcecode.swift; path = CourseView.swift; sourceTree = "<group>"; };
		AC6D14D42A526F4F00AADB04 /* StartBlueLineView.swift */ = {isa = PBXFileReference; lastKnownFileType = sourcecode.swift; path = StartBlueLineView.swift; sourceTree = "<group>"; };
		AC6D14D62A52712B00AADB04 /* RightBlackStraightLineView.swift */ = {isa = PBXFileReference; lastKnownFileType = sourcecode.swift; path = RightBlackStraightLineView.swift; sourceTree = "<group>"; };
		AC6D14D82A52728600AADB04 /* RightBottomBlackCornerView.swift */ = {isa = PBXFileReference; lastKnownFileType = sourcecode.swift; path = RightBottomBlackCornerView.swift; sourceTree = "<group>"; };
		AC6D14DA2A52743C00AADB04 /* BottomBlackStraightLineView.swift */ = {isa = PBXFileReference; lastKnownFileType = sourcecode.swift; path = BottomBlackStraightLineView.swift; sourceTree = "<group>"; };
		AC6D14DC2A5275F900AADB04 /* LeftBottomBlackCornerView.swift */ = {isa = PBXFileReference; lastKnownFileType = sourcecode.swift; path = LeftBottomBlackCornerView.swift; sourceTree = "<group>"; };
		AC6D14DE2A52775500AADB04 /* LeftBlackStraightLineView.swift */ = {isa = PBXFileReference; lastKnownFileType = sourcecode.swift; path = LeftBlackStraightLineView.swift; sourceTree = "<group>"; };
		AC720C012A529F7C00406BCB /* BlockDeTreasureCircleView.swift */ = {isa = PBXFileReference; lastKnownFileType = sourcecode.swift; path = BlockDeTreasureCircleView.swift; sourceTree = "<group>"; };
		AC720C032A52A07C00406BCB /* LineTraceEndCircleView.swift */ = {isa = PBXFileReference; lastKnownFileType = sourcecode.swift; path = LineTraceEndCircleView.swift; sourceTree = "<group>"; };
		AC720C052A52A1C500406BCB /* BlockDeTreasureFourCirclesView.swift */ = {isa = PBXFileReference; lastKnownFileType = sourcecode.swift; path = BlockDeTreasureFourCirclesView.swift; sourceTree = "<group>"; };
		AC720C072A52A4CD00406BCB /* BlockDeTreasureHorizontalLinesView.swift */ = {isa = PBXFileReference; lastKnownFileType = sourcecode.swift; path = BlockDeTreasureHorizontalLinesView.swift; sourceTree = "<group>"; };
		AC720C092A52A95500406BCB /* BlockDeTreasureVerticalLinesView.swift */ = {isa = PBXFileReference; lastKnownFileType = sourcecode.swift; path = BlockDeTreasureVerticalLinesView.swift; sourceTree = "<group>"; };
		AC720C0B2A52AD5B00406BCB /* BlockDeTreasureView.swift */ = {isa = PBXFileReference; lastKnownFileType = sourcecode.swift; path = BlockDeTreasureView.swift; sourceTree = "<group>"; };
		AC720C0E2A52C41B00406BCB /* BlinkEffect.swift */ = {isa = PBXFileReference; lastKnownFileType = sourcecode.swift; path = BlinkEffect.swift; sourceTree = "<group>"; };
		AC720C102A52EA9E00406BCB /* PulsatingLineView.swift */ = {isa = PBXFileReference; lastKnownFileType = sourcecode.swift; path = PulsatingLineView.swift; sourceTree = "<group>"; };
		AC9980122A7EAFB2009C92CA /* ColorLineTrace.swift */ = {isa = PBXFileReference; lastKnownFileType = sourcecode.swift; path = ColorLineTrace.swift; sourceTree = "<group>"; };
		AC9980142A7EB06D009C92CA /* DistanceStraight.swift */ = {isa = PBXFileReference; lastKnownFileType = sourcecode.swift; path = DistanceStraight.swift; sourceTree = "<group>"; };
		AC9980162A7EB0E0009C92CA /* ColorStraight.swift */ = {isa = PBXFileReference; lastKnownFileType = sourcecode.swift; path = ColorStraight.swift; sourceTree = "<group>"; };
		AC9980182A7EB1A1009C92CA /* SpecifiedAngleTurning.swift */ = {isa = PBXFileReference; lastKnownFileType = sourcecode.swift; path = SpecifiedAngleTurning.swift; sourceTree = "<group>"; };
		AC99801A2A7EB2C4009C92CA /* DistanceSpecifiedTurning.swift */ = {isa = PBXFileReference; lastKnownFileType = sourcecode.swift; path = DistanceSpecifiedTurning.swift; sourceTree = "<group>"; };
		AC99801C2A7EB323009C92CA /* EdgeSwitching.swift */ = {isa = PBXFileReference; lastKnownFileType = sourcecode.swift; path = EdgeSwitching.swift; sourceTree = "<group>"; };
		AC99801E2A7EB381009C92CA /* SleepSelf.swift */ = {isa = PBXFileReference; lastKnownFileType = sourcecode.swift; path = SleepSelf.swift; sourceTree = "<group>"; };
		AC9980202A7EB3E7009C92CA /* RaiseArm.swift */ = {isa = PBXFileReference; lastKnownFileType = sourcecode.swift; path = RaiseArm.swift; sourceTree = "<group>"; };
		AC9980222A7EB43E009C92CA /* LowerArm.swift */ = {isa = PBXFileReference; lastKnownFileType = sourcecode.swift; path = LowerArm.swift; sourceTree = "<group>"; };
		AC9980242A7EBEF0009C92CA /* CourseMapAndCommandView.swift */ = {isa = PBXFileReference; lastKnownFileType = sourcecode.swift; path = CourseMapAndCommandView.swift; sourceTree = "<group>"; };
		ACA02FA92A84C4D500329EF3 /* ListToSelectOneSection.swift */ = {isa = PBXFileReference; lastKnownFileType = sourcecode.swift; path = ListToSelectOneSection.swift; sourceTree = "<group>"; };
		ACA09F0D2A84F3C2000D0871 /* SelectedCommandCell.swift */ = {isa = PBXFileReference; lastKnownFileType = sourcecode.swift; path = SelectedCommandCell.swift; sourceTree = "<group>"; };
		ACA09F0F2A8606A8000D0871 /* ParameterCell.swift */ = {isa = PBXFileReference; lastKnownFileType = sourcecode.swift; path = ParameterCell.swift; sourceTree = "<group>"; };
		ACA09F112A8606C1000D0871 /* ParameterCellView.swift */ = {isa = PBXFileReference; lastKnownFileType = sourcecode.swift; path = ParameterCellView.swift; sourceTree = "<group>"; };
		ACA09F132A8607EA000D0871 /* SelectedCommandCellInfo.swift */ = {isa = PBXFileReference; lastKnownFileType = sourcecode.swift; path = SelectedCommandCellInfo.swift; sourceTree = "<group>"; };
		ACA09F152A8611AC000D0871 /* SelectedCommandTitleView.swift */ = {isa = PBXFileReference; lastKnownFileType = sourcecode.swift; path = SelectedCommandTitleView.swift; sourceTree = "<group>"; };
		ACBA6FE82A84946400680A3B /* DistanceLineTraceCell.swift */ = {isa = PBXFileReference; lastKnownFileType = sourcecode.swift; path = DistanceLineTraceCell.swift; sourceTree = "<group>"; };
		ACC550CE2A530A7000DDAC49 /* SegmentNames.swift */ = {isa = PBXFileReference; lastKnownFileType = sourcecode.swift; path = SegmentNames.swift; sourceTree = "<group>"; };
		ACC550D02A530D6400DDAC49 /* PulsatingCourseView.swift */ = {isa = PBXFileReference; lastKnownFileType = sourcecode.swift; path = PulsatingCourseView.swift; sourceTree = "<group>"; };
		ACC550D22A53191800DDAC49 /* StaticCourseView.swift */ = {isa = PBXFileReference; lastKnownFileType = sourcecode.swift; path = StaticCourseView.swift; sourceTree = "<group>"; };
		ACC550D42A531C1200DDAC49 /* SegmentNamesListView.swift */ = {isa = PBXFileReference; lastKnownFileType = sourcecode.swift; path = SegmentNamesListView.swift; sourceTree = "<group>"; };
		ACC550D62A531D0E00DDAC49 /* CourseMapAndListView.swift */ = {isa = PBXFileReference; lastKnownFileType = sourcecode.swift; path = CourseMapAndListView.swift; sourceTree = "<group>"; };
		ACE8CD7B2A7E4848003CF974 /* MotionCommand.swift */ = {isa = PBXFileReference; lastKnownFileType = sourcecode.swift; path = MotionCommand.swift; sourceTree = "<group>"; };
		ACE8CD7D2A7E48C6003CF974 /* MotionCommandEnum.swift */ = {isa = PBXFileReference; lastKnownFileType = sourcecode.swift; path = MotionCommandEnum.swift; sourceTree = "<group>"; };
		ACE8CD802A7E4ACF003CF974 /* TurningToCompensateForAngle.swift */ = {isa = PBXFileReference; lastKnownFileType = sourcecode.swift; path = TurningToCompensateForAngle.swift; sourceTree = "<group>"; };
		ACE8CD832A7E4C1F003CF974 /* MotionCommandOptionCell.swift */ = {isa = PBXFileReference; lastKnownFileType = sourcecode.swift; path = MotionCommandOptionCell.swift; sourceTree = "<group>"; };
		ACE8CD852A7E5723003CF974 /* DistanceLineTrace.swift */ = {isa = PBXFileReference; lastKnownFileType = sourcecode.swift; path = DistanceLineTrace.swift; sourceTree = "<group>"; };
/* End PBXFileReference section */

/* Begin PBXFrameworksBuildPhase section */
		AC6D14B62A50528C00AADB04 /* Frameworks */ = {
			isa = PBXFrameworksBuildPhase;
			buildActionMask = 2147483647;
			files = (
			);
			runOnlyForDeploymentPostprocessing = 0;
		};
/* End PBXFrameworksBuildPhase section */

/* Begin PBXGroup section */
		AC30561F2A5873B700BAC46F /* Model */ = {
			isa = PBXGroup;
			children = (
				AC3056222A5876A500BAC46F /* MachineTransmissionInfo.swift */,
				AC3056242A59526100BAC46F /* WhichMachine.swift */,
				AC3056262A59541600BAC46F /* CsvFileManager.swift */,
				AC3056282A5957D100BAC46F /* TransmissionManager.swift */,
				ACE8CD7F2A7E49F3003CF974 /* MotionCommand */,
			);
			path = Model;
			sourceTree = "<group>";
		};
		AC30562A2A59610D00BAC46F /* ViewModel */ = {
			isa = PBXGroup;
			children = (
				AC30562B2A59613600BAC46F /* FileSendViewModel.swift */,
				AC30562D2A59670100BAC46F /* TerminalViewModel.swift */,
			);
			path = ViewModel;
			sourceTree = "<group>";
		};
		AC30562F2A59688300BAC46F /* Transmission */ = {
			isa = PBXGroup;
			children = (
				AC3056302A59689800BAC46F /* TerminalView.swift */,
				AC3056322A596B9000BAC46F /* ButtonAndTerminalView.swift */,
			);
			path = Transmission;
			sourceTree = "<group>";
		};
		AC6D14B02A50528C00AADB04 = {
			isa = PBXGroup;
			children = (
				AC6D14BB2A50528C00AADB04 /* ETRobocon2023 */,
				AC6D14BA2A50528C00AADB04 /* Products */,
			);
			sourceTree = "<group>";
		};
		AC6D14BA2A50528C00AADB04 /* Products */ = {
			isa = PBXGroup;
			children = (
				AC6D14B92A50528C00AADB04 /* ETRobocon2023.app */,
			);
			name = Products;
			sourceTree = "<group>";
		};
		AC6D14BB2A50528C00AADB04 /* ETRobocon2023 */ = {
			isa = PBXGroup;
			children = (
				AC6D14BC2A50528C00AADB04 /* ETRobocon2023App.swift */,
				AC6D14BE2A50528C00AADB04 /* ContentView.swift */,
				AC3056202A58753900BAC46F /* Secret.plist */,
				AC30561F2A5873B700BAC46F /* Model */,
				AC30562A2A59610D00BAC46F /* ViewModel */,
				AC6D14CA2A51D21100AADB04 /* View */,
				AC6D14C02A50528E00AADB04 /* Assets.xcassets */,
				AC6D14C22A50528E00AADB04 /* Preview Content */,
			);
			path = ETRobocon2023;
			sourceTree = "<group>";
		};
		AC6D14C22A50528E00AADB04 /* Preview Content */ = {
			isa = PBXGroup;
			children = (
				AC6D14C32A50528E00AADB04 /* Preview Assets.xcassets */,
			);
			path = "Preview Content";
			sourceTree = "<group>";
		};
		AC6D14CA2A51D21100AADB04 /* View */ = {
			isa = PBXGroup;
			children = (
				AC9980242A7EBEF0009C92CA /* CourseMapAndCommandView.swift */,
				AC6D14CB2A51D2A800AADB04 /* Course */,
				AC30562F2A59688300BAC46F /* Transmission */,
				AC720C0D2A52C3FF00406BCB /* Effect */,
				ACE8CD822A7E4BFB003CF974 /* MotionCommand */,
			);
			path = View;
			sourceTree = "<group>";
		};
		AC6D14CB2A51D2A800AADB04 /* Course */ = {
			isa = PBXGroup;
			children = (
				ACC550D62A531D0E00DDAC49 /* CourseMapAndListView.swift */,
				AC6D14D22A51D9B500AADB04 /* CourseView.swift */,
				ACC550D22A53191800DDAC49 /* StaticCourseView.swift */,
				ACC550D02A530D6400DDAC49 /* PulsatingCourseView.swift */,
				ACC550D42A531C1200DDAC49 /* SegmentNamesListView.swift */,
				ACC550CE2A530A7000DDAC49 /* SegmentNames.swift */,
				AC6D14CC2A51D2E600AADB04 /* CourseSize */,
				AC6D14D12A51D8FD00AADB04 /* CourseComponentView */,
			);
			path = Course;
			sourceTree = "<group>";
		};
		AC6D14CC2A51D2E600AADB04 /* CourseSize */ = {
			isa = PBXGroup;
			children = (
				AC6D14CD2A51D32100AADB04 /* LCourseSize.swift */,
				AC6D14CF2A51D58000AADB04 /* LCourseViewSize.swift */,
			);
			path = CourseSize;
			sourceTree = "<group>";
		};
		AC6D14D12A51D8FD00AADB04 /* CourseComponentView */ = {
			isa = PBXGroup;
			children = (
				AC6D14D42A526F4F00AADB04 /* StartBlueLineView.swift */,
				AC6D14D62A52712B00AADB04 /* RightBlackStraightLineView.swift */,
				AC6D14D82A52728600AADB04 /* RightBottomBlackCornerView.swift */,
				AC6D14DA2A52743C00AADB04 /* BottomBlackStraightLineView.swift */,
				AC6D14DC2A5275F900AADB04 /* LeftBottomBlackCornerView.swift */,
				AC6D14DE2A52775500AADB04 /* LeftBlackStraightLineView.swift */,
				AC392C7A2A528CB5003A5C88 /* DoubleLoopEntranceBlackLineView.swift */,
				AC392C7C2A528E50003A5C88 /* AreaAView.swift */,
				AC392C7E2A5299A4003A5C88 /* AreaBView.swift */,
				AC392C802A529B2F003A5C88 /* DoubleLoopExitBlackLineView.swift */,
				AC392C822A529CE6003A5C88 /* DoubleLoopEntranceBlueStraightLineView.swift */,
				AC392C842A529E17003A5C88 /* DoubleLoopEntranceBlueCurveLineView.swift */,
				AC720C012A529F7C00406BCB /* BlockDeTreasureCircleView.swift */,
				AC720C032A52A07C00406BCB /* LineTraceEndCircleView.swift */,
				AC720C052A52A1C500406BCB /* BlockDeTreasureFourCirclesView.swift */,
				AC720C072A52A4CD00406BCB /* BlockDeTreasureHorizontalLinesView.swift */,
				AC720C092A52A95500406BCB /* BlockDeTreasureVerticalLinesView.swift */,
				AC720C0B2A52AD5B00406BCB /* BlockDeTreasureView.swift */,
			);
			path = CourseComponentView;
			sourceTree = "<group>";
		};
		AC720C0D2A52C3FF00406BCB /* Effect */ = {
			isa = PBXGroup;
			children = (
				AC720C0E2A52C41B00406BCB /* BlinkEffect.swift */,
				AC720C102A52EA9E00406BCB /* PulsatingLineView.swift */,
			);
			path = Effect;
			sourceTree = "<group>";
		};
		ACE8CD7F2A7E49F3003CF974 /* MotionCommand */ = {
			isa = PBXGroup;
			children = (
				ACE8CD7B2A7E4848003CF974 /* MotionCommand.swift */,
				ACE8CD7D2A7E48C6003CF974 /* MotionCommandEnum.swift */,
				ACE8CD852A7E5723003CF974 /* DistanceLineTrace.swift */,
				AC9980122A7EAFB2009C92CA /* ColorLineTrace.swift */,
				AC9980142A7EB06D009C92CA /* DistanceStraight.swift */,
				AC9980162A7EB0E0009C92CA /* ColorStraight.swift */,
				AC9980182A7EB1A1009C92CA /* SpecifiedAngleTurning.swift */,
				AC99801A2A7EB2C4009C92CA /* DistanceSpecifiedTurning.swift */,
				AC99801C2A7EB323009C92CA /* EdgeSwitching.swift */,
				AC99801E2A7EB381009C92CA /* SleepSelf.swift */,
				AC9980202A7EB3E7009C92CA /* RaiseArm.swift */,
				AC9980222A7EB43E009C92CA /* LowerArm.swift */,
				ACE8CD802A7E4ACF003CF974 /* TurningToCompensateForAngle.swift */,
			);
			path = MotionCommand;
			sourceTree = "<group>";
		};
		ACE8CD822A7E4BFB003CF974 /* MotionCommand */ = {
			isa = PBXGroup;
			children = (
				ACE8CD832A7E4C1F003CF974 /* MotionCommandOptionCell.swift */,
				AC0494552A7E7D9E0032FFF6 /* MotionCommandOptionList.swift */,
				ACA02FA92A84C4D500329EF3 /* ListToSelectOneSection.swift */,
				ACA09F132A8607EA000D0871 /* SelectedCommandCellInfo.swift */,
				ACA09F0D2A84F3C2000D0871 /* SelectedCommandCell.swift */,
				ACA09F152A8611AC000D0871 /* SelectedCommandTitleView.swift */,
				ACA09F0F2A8606A8000D0871 /* ParameterCell.swift */,
				ACA09F112A8606C1000D0871 /* ParameterCellView.swift */,
				ACBA6FE82A84946400680A3B /* DistanceLineTraceCell.swift */,
				AC49863E2A8618E0002F0E45 /* SortableVStack.swift */,
			);
			path = MotionCommand;
			sourceTree = "<group>";
		};
/* End PBXGroup section */

/* Begin PBXNativeTarget section */
		AC6D14B82A50528C00AADB04 /* ETRobocon2023 */ = {
			isa = PBXNativeTarget;
			buildConfigurationList = AC6D14C72A50528E00AADB04 /* Build configuration list for PBXNativeTarget "ETRobocon2023" */;
			buildPhases = (
				AC6D14B52A50528C00AADB04 /* Sources */,
				AC6D14B62A50528C00AADB04 /* Frameworks */,
				AC6D14B72A50528C00AADB04 /* Resources */,
			);
			buildRules = (
			);
			dependencies = (
			);
			name = ETRobocon2023;
			productName = ETRobocon2023;
			productReference = AC6D14B92A50528C00AADB04 /* ETRobocon2023.app */;
			productType = "com.apple.product-type.application";
		};
/* End PBXNativeTarget section */

/* Begin PBXProject section */
		AC6D14B12A50528C00AADB04 /* Project object */ = {
			isa = PBXProject;
			attributes = {
				BuildIndependentTargetsInParallel = 1;
				LastSwiftUpdateCheck = 1430;
				LastUpgradeCheck = 1500;
				TargetAttributes = {
					AC6D14B82A50528C00AADB04 = {
						CreatedOnToolsVersion = 14.3.1;
					};
				};
			};
			buildConfigurationList = AC6D14B42A50528C00AADB04 /* Build configuration list for PBXProject "ETRobocon2023" */;
			compatibilityVersion = "Xcode 14.0";
			developmentRegion = en;
			hasScannedForEncodings = 0;
			knownRegions = (
				en,
				Base,
			);
			mainGroup = AC6D14B02A50528C00AADB04;
			productRefGroup = AC6D14BA2A50528C00AADB04 /* Products */;
			projectDirPath = "";
			projectRoot = "";
			targets = (
				AC6D14B82A50528C00AADB04 /* ETRobocon2023 */,
			);
		};
/* End PBXProject section */

/* Begin PBXResourcesBuildPhase section */
		AC6D14B72A50528C00AADB04 /* Resources */ = {
			isa = PBXResourcesBuildPhase;
			buildActionMask = 2147483647;
			files = (
				AC3056212A58753900BAC46F /* Secret.plist in Resources */,
				AC6D14C42A50528E00AADB04 /* Preview Assets.xcassets in Resources */,
				AC6D14C12A50528E00AADB04 /* Assets.xcassets in Resources */,
			);
			runOnlyForDeploymentPostprocessing = 0;
		};
/* End PBXResourcesBuildPhase section */

/* Begin PBXSourcesBuildPhase section */
		AC6D14B52A50528C00AADB04 /* Sources */ = {
			isa = PBXSourcesBuildPhase;
			buildActionMask = 2147483647;
			files = (
				AC9980192A7EB1A1009C92CA /* SpecifiedAngleTurning.swift in Sources */,
				AC9980212A7EB3E7009C92CA /* RaiseArm.swift in Sources */,
				AC6D14BF2A50528C00AADB04 /* ContentView.swift in Sources */,
				AC9980132A7EAFB2009C92CA /* ColorLineTrace.swift in Sources */,
				ACC550D32A53191800DDAC49 /* StaticCourseView.swift in Sources */,
				ACC550D72A531D0E00DDAC49 /* CourseMapAndListView.swift in Sources */,
				AC6D14CE2A51D32100AADB04 /* LCourseSize.swift in Sources */,
				ACA09F102A8606A8000D0871 /* ParameterCell.swift in Sources */,
				ACE8CD7E2A7E48C6003CF974 /* MotionCommandEnum.swift in Sources */,
				AC99801B2A7EB2C4009C92CA /* DistanceSpecifiedTurning.swift in Sources */,
				AC720C112A52EA9E00406BCB /* PulsatingLineView.swift in Sources */,
				AC0494562A7E7D9E0032FFF6 /* MotionCommandOptionList.swift in Sources */,
				AC720C062A52A1C500406BCB /* BlockDeTreasureFourCirclesView.swift in Sources */,
				AC720C082A52A4CD00406BCB /* BlockDeTreasureHorizontalLinesView.swift in Sources */,
				AC6D14DF2A52775500AADB04 /* LeftBlackStraightLineView.swift in Sources */,
				AC6D14D32A51D9B500AADB04 /* CourseView.swift in Sources */,
				AC720C0A2A52A95500406BCB /* BlockDeTreasureVerticalLinesView.swift in Sources */,
				AC30562E2A59670100BAC46F /* TerminalViewModel.swift in Sources */,
				AC392C7F2A5299A4003A5C88 /* AreaBView.swift in Sources */,
				AC392C7D2A528E50003A5C88 /* AreaAView.swift in Sources */,
				ACC550D12A530D6400DDAC49 /* PulsatingCourseView.swift in Sources */,
				ACE8CD7C2A7E4848003CF974 /* MotionCommand.swift in Sources */,
				AC3056332A596B9000BAC46F /* ButtonAndTerminalView.swift in Sources */,
				AC720C0C2A52AD5B00406BCB /* BlockDeTreasureView.swift in Sources */,
				AC720C022A529F7C00406BCB /* BlockDeTreasureCircleView.swift in Sources */,
				ACC550CF2A530A7000DDAC49 /* SegmentNames.swift in Sources */,
				ACC550D52A531C1200DDAC49 /* SegmentNamesListView.swift in Sources */,
				AC6D14DD2A5275F900AADB04 /* LeftBottomBlackCornerView.swift in Sources */,
				AC392C852A529E17003A5C88 /* DoubleLoopEntranceBlueCurveLineView.swift in Sources */,
				AC3056292A5957D100BAC46F /* TransmissionManager.swift in Sources */,
				AC9980152A7EB06D009C92CA /* DistanceStraight.swift in Sources */,
				ACA09F142A8607EA000D0871 /* SelectedCommandCellInfo.swift in Sources */,
				ACA09F162A8611AC000D0871 /* SelectedCommandTitleView.swift in Sources */,
				AC9980252A7EBEF0009C92CA /* CourseMapAndCommandView.swift in Sources */,
				AC392C7B2A528CB5003A5C88 /* DoubleLoopEntranceBlackLineView.swift in Sources */,
				ACA09F122A8606C1000D0871 /* ParameterCellView.swift in Sources */,
				AC6D14BD2A50528C00AADB04 /* ETRobocon2023App.swift in Sources */,
				ACE8CD842A7E4C1F003CF974 /* MotionCommandOptionCell.swift in Sources */,
				ACA02FAA2A84C4D500329EF3 /* ListToSelectOneSection.swift in Sources */,
				AC3056252A59526100BAC46F /* WhichMachine.swift in Sources */,
				AC6D14D72A52712B00AADB04 /* RightBlackStraightLineView.swift in Sources */,
				AC6D14D02A51D58000AADB04 /* LCourseViewSize.swift in Sources */,
				AC99801F2A7EB381009C92CA /* SleepSelf.swift in Sources */,
				AC99801D2A7EB323009C92CA /* EdgeSwitching.swift in Sources */,
				AC720C0F2A52C41B00406BCB /* BlinkEffect.swift in Sources */,
				AC3056232A5876A500BAC46F /* MachineTransmissionInfo.swift in Sources */,
				AC9980232A7EB43E009C92CA /* LowerArm.swift in Sources */,
				AC9980172A7EB0E0009C92CA /* ColorStraight.swift in Sources */,
				AC6D14D92A52728600AADB04 /* RightBottomBlackCornerView.swift in Sources */,
				AC49863F2A8618E0002F0E45 /* SortableVStack.swift in Sources */,
				AC30562C2A59613600BAC46F /* FileSendViewModel.swift in Sources */,
				ACE8CD812A7E4ACF003CF974 /* TurningToCompensateForAngle.swift in Sources */,
				ACBA6FE92A84946400680A3B /* DistanceLineTraceCell.swift in Sources */,
				AC6D14D52A526F4F00AADB04 /* StartBlueLineView.swift in Sources */,
				AC392C832A529CE6003A5C88 /* DoubleLoopEntranceBlueStraightLineView.swift in Sources */,
				AC3056272A59541600BAC46F /* CsvFileManager.swift in Sources */,
				AC6D14DB2A52743C00AADB04 /* BottomBlackStraightLineView.swift in Sources */,
				ACE8CD862A7E5723003CF974 /* DistanceLineTrace.swift in Sources */,
				AC720C042A52A07C00406BCB /* LineTraceEndCircleView.swift in Sources */,
				ACA09F0E2A84F3C2000D0871 /* SelectedCommandCell.swift in Sources */,
				AC3056312A59689800BAC46F /* TerminalView.swift in Sources */,
				AC392C812A529B2F003A5C88 /* DoubleLoopExitBlackLineView.swift in Sources */,
			);
			runOnlyForDeploymentPostprocessing = 0;
		};
/* End PBXSourcesBuildPhase section */

/* Begin XCBuildConfiguration section */
		AC6D14C52A50528E00AADB04 /* Debug */ = {
			isa = XCBuildConfiguration;
			buildSettings = {
				ALWAYS_SEARCH_USER_PATHS = NO;
				CLANG_ANALYZER_NONNULL = YES;
				CLANG_ANALYZER_NUMBER_OBJECT_CONVERSION = YES_AGGRESSIVE;
				CLANG_CXX_LANGUAGE_STANDARD = "gnu++20";
				CLANG_ENABLE_MODULES = YES;
				CLANG_ENABLE_OBJC_ARC = YES;
				CLANG_ENABLE_OBJC_WEAK = YES;
				CLANG_WARN_BLOCK_CAPTURE_AUTORELEASING = YES;
				CLANG_WARN_BOOL_CONVERSION = YES;
				CLANG_WARN_COMMA = YES;
				CLANG_WARN_CONSTANT_CONVERSION = YES;
				CLANG_WARN_DEPRECATED_OBJC_IMPLEMENTATIONS = YES;
				CLANG_WARN_DIRECT_OBJC_ISA_USAGE = YES_ERROR;
				CLANG_WARN_DOCUMENTATION_COMMENTS = YES;
				CLANG_WARN_EMPTY_BODY = YES;
				CLANG_WARN_ENUM_CONVERSION = YES;
				CLANG_WARN_INFINITE_RECURSION = YES;
				CLANG_WARN_INT_CONVERSION = YES;
				CLANG_WARN_NON_LITERAL_NULL_CONVERSION = YES;
				CLANG_WARN_OBJC_IMPLICIT_RETAIN_SELF = YES;
				CLANG_WARN_OBJC_LITERAL_CONVERSION = YES;
				CLANG_WARN_OBJC_ROOT_CLASS = YES_ERROR;
				CLANG_WARN_QUOTED_INCLUDE_IN_FRAMEWORK_HEADER = YES;
				CLANG_WARN_RANGE_LOOP_ANALYSIS = YES;
				CLANG_WARN_STRICT_PROTOTYPES = YES;
				CLANG_WARN_SUSPICIOUS_MOVE = YES;
				CLANG_WARN_UNGUARDED_AVAILABILITY = YES_AGGRESSIVE;
				CLANG_WARN_UNREACHABLE_CODE = YES;
				CLANG_WARN__DUPLICATE_METHOD_MATCH = YES;
				COPY_PHASE_STRIP = NO;
				DEBUG_INFORMATION_FORMAT = dwarf;
				ENABLE_STRICT_OBJC_MSGSEND = YES;
				ENABLE_TESTABILITY = YES;
				ENABLE_USER_SCRIPT_SANDBOXING = YES;
				GCC_C_LANGUAGE_STANDARD = gnu11;
				GCC_DYNAMIC_NO_PIC = NO;
				GCC_NO_COMMON_BLOCKS = YES;
				GCC_OPTIMIZATION_LEVEL = 0;
				GCC_PREPROCESSOR_DEFINITIONS = (
					"DEBUG=1",
					"$(inherited)",
				);
				GCC_WARN_64_TO_32_BIT_CONVERSION = YES;
				GCC_WARN_ABOUT_RETURN_TYPE = YES_ERROR;
				GCC_WARN_UNDECLARED_SELECTOR = YES;
				GCC_WARN_UNINITIALIZED_AUTOS = YES_AGGRESSIVE;
				GCC_WARN_UNUSED_FUNCTION = YES;
				GCC_WARN_UNUSED_VARIABLE = YES;
				IPHONEOS_DEPLOYMENT_TARGET = 16.4;
				MTL_ENABLE_DEBUG_INFO = INCLUDE_SOURCE;
				MTL_FAST_MATH = YES;
				ONLY_ACTIVE_ARCH = YES;
				SDKROOT = iphoneos;
				SWIFT_ACTIVE_COMPILATION_CONDITIONS = DEBUG;
				SWIFT_OPTIMIZATION_LEVEL = "-Onone";
			};
			name = Debug;
		};
		AC6D14C62A50528E00AADB04 /* Release */ = {
			isa = XCBuildConfiguration;
			buildSettings = {
				ALWAYS_SEARCH_USER_PATHS = NO;
				CLANG_ANALYZER_NONNULL = YES;
				CLANG_ANALYZER_NUMBER_OBJECT_CONVERSION = YES_AGGRESSIVE;
				CLANG_CXX_LANGUAGE_STANDARD = "gnu++20";
				CLANG_ENABLE_MODULES = YES;
				CLANG_ENABLE_OBJC_ARC = YES;
				CLANG_ENABLE_OBJC_WEAK = YES;
				CLANG_WARN_BLOCK_CAPTURE_AUTORELEASING = YES;
				CLANG_WARN_BOOL_CONVERSION = YES;
				CLANG_WARN_COMMA = YES;
				CLANG_WARN_CONSTANT_CONVERSION = YES;
				CLANG_WARN_DEPRECATED_OBJC_IMPLEMENTATIONS = YES;
				CLANG_WARN_DIRECT_OBJC_ISA_USAGE = YES_ERROR;
				CLANG_WARN_DOCUMENTATION_COMMENTS = YES;
				CLANG_WARN_EMPTY_BODY = YES;
				CLANG_WARN_ENUM_CONVERSION = YES;
				CLANG_WARN_INFINITE_RECURSION = YES;
				CLANG_WARN_INT_CONVERSION = YES;
				CLANG_WARN_NON_LITERAL_NULL_CONVERSION = YES;
				CLANG_WARN_OBJC_IMPLICIT_RETAIN_SELF = YES;
				CLANG_WARN_OBJC_LITERAL_CONVERSION = YES;
				CLANG_WARN_OBJC_ROOT_CLASS = YES_ERROR;
				CLANG_WARN_QUOTED_INCLUDE_IN_FRAMEWORK_HEADER = YES;
				CLANG_WARN_RANGE_LOOP_ANALYSIS = YES;
				CLANG_WARN_STRICT_PROTOTYPES = YES;
				CLANG_WARN_SUSPICIOUS_MOVE = YES;
				CLANG_WARN_UNGUARDED_AVAILABILITY = YES_AGGRESSIVE;
				CLANG_WARN_UNREACHABLE_CODE = YES;
				CLANG_WARN__DUPLICATE_METHOD_MATCH = YES;
				COPY_PHASE_STRIP = NO;
				DEBUG_INFORMATION_FORMAT = "dwarf-with-dsym";
				ENABLE_NS_ASSERTIONS = NO;
				ENABLE_STRICT_OBJC_MSGSEND = YES;
				ENABLE_USER_SCRIPT_SANDBOXING = YES;
				GCC_C_LANGUAGE_STANDARD = gnu11;
				GCC_NO_COMMON_BLOCKS = YES;
				GCC_WARN_64_TO_32_BIT_CONVERSION = YES;
				GCC_WARN_ABOUT_RETURN_TYPE = YES_ERROR;
				GCC_WARN_UNDECLARED_SELECTOR = YES;
				GCC_WARN_UNINITIALIZED_AUTOS = YES_AGGRESSIVE;
				GCC_WARN_UNUSED_FUNCTION = YES;
				GCC_WARN_UNUSED_VARIABLE = YES;
				IPHONEOS_DEPLOYMENT_TARGET = 16.4;
				MTL_ENABLE_DEBUG_INFO = NO;
				MTL_FAST_MATH = YES;
				SDKROOT = iphoneos;
				SWIFT_COMPILATION_MODE = wholemodule;
				SWIFT_OPTIMIZATION_LEVEL = "-O";
				VALIDATE_PRODUCT = YES;
			};
			name = Release;
		};
		AC6D14C82A50528E00AADB04 /* Debug */ = {
			isa = XCBuildConfiguration;
			buildSettings = {
				ASSETCATALOG_COMPILER_APPICON_NAME = AppIcon;
				ASSETCATALOG_COMPILER_GLOBAL_ACCENT_COLOR_NAME = AccentColor;
				CODE_SIGN_STYLE = Automatic;
				CURRENT_PROJECT_VERSION = 1;
				DEVELOPMENT_ASSET_PATHS = "\"ETRobocon2023/Preview Content\"";
				DEVELOPMENT_TEAM = Y2VF5F9C77;
				ENABLE_PREVIEWS = YES;
				GENERATE_INFOPLIST_FILE = YES;
				INFOPLIST_KEY_LSApplicationCategoryType = "public.app-category.developer-tools";
				INFOPLIST_KEY_UIApplicationSceneManifest_Generation = YES;
				INFOPLIST_KEY_UIApplicationSupportsIndirectInputEvents = YES;
				INFOPLIST_KEY_UILaunchScreen_Generation = YES;
				INFOPLIST_KEY_UISupportedInterfaceOrientations = "UIInterfaceOrientationLandscapeLeft UIInterfaceOrientationLandscapeRight UIInterfaceOrientationPortrait";
				INFOPLIST_KEY_UISupportedInterfaceOrientations_iPad = "UIInterfaceOrientationLandscapeLeft UIInterfaceOrientationLandscapeRight";
				IPHONEOS_DEPLOYMENT_TARGET = 16.0;
				LD_RUNPATH_SEARCH_PATHS = (
					"$(inherited)",
					"@executable_path/Frameworks",
				);
				MARKETING_VERSION = 1.0;
				PRODUCT_BUNDLE_IDENTIFIER = com.gmail.haloupgarou.ETRobocon2023;
				PRODUCT_NAME = "$(TARGET_NAME)";
				SUPPORTED_PLATFORMS = "iphoneos iphonesimulator";
				SUPPORTS_MACCATALYST = NO;
				SUPPORTS_MAC_DESIGNED_FOR_IPHONE_IPAD = NO;
				SUPPORTS_XR_DESIGNED_FOR_IPHONE_IPAD = NO;
				SWIFT_EMIT_LOC_STRINGS = YES;
				SWIFT_VERSION = 5.0;
				TARGETED_DEVICE_FAMILY = 2;
			};
			name = Debug;
		};
		AC6D14C92A50528E00AADB04 /* Release */ = {
			isa = XCBuildConfiguration;
			buildSettings = {
				ASSETCATALOG_COMPILER_APPICON_NAME = AppIcon;
				ASSETCATALOG_COMPILER_GLOBAL_ACCENT_COLOR_NAME = AccentColor;
				CODE_SIGN_STYLE = Automatic;
				CURRENT_PROJECT_VERSION = 1;
				DEVELOPMENT_ASSET_PATHS = "\"ETRobocon2023/Preview Content\"";
				DEVELOPMENT_TEAM = Y2VF5F9C77;
				ENABLE_PREVIEWS = YES;
				GENERATE_INFOPLIST_FILE = YES;
				INFOPLIST_KEY_LSApplicationCategoryType = "public.app-category.developer-tools";
				INFOPLIST_KEY_UIApplicationSceneManifest_Generation = YES;
				INFOPLIST_KEY_UIApplicationSupportsIndirectInputEvents = YES;
				INFOPLIST_KEY_UILaunchScreen_Generation = YES;
				INFOPLIST_KEY_UISupportedInterfaceOrientations = "UIInterfaceOrientationLandscapeLeft UIInterfaceOrientationLandscapeRight UIInterfaceOrientationPortrait";
				INFOPLIST_KEY_UISupportedInterfaceOrientations_iPad = "UIInterfaceOrientationLandscapeLeft UIInterfaceOrientationLandscapeRight";
				IPHONEOS_DEPLOYMENT_TARGET = 16.0;
				LD_RUNPATH_SEARCH_PATHS = (
					"$(inherited)",
					"@executable_path/Frameworks",
				);
				MARKETING_VERSION = 1.0;
				PRODUCT_BUNDLE_IDENTIFIER = com.gmail.haloupgarou.ETRobocon2023;
				PRODUCT_NAME = "$(TARGET_NAME)";
				SUPPORTED_PLATFORMS = "iphoneos iphonesimulator";
				SUPPORTS_MACCATALYST = NO;
				SUPPORTS_MAC_DESIGNED_FOR_IPHONE_IPAD = NO;
				SUPPORTS_XR_DESIGNED_FOR_IPHONE_IPAD = NO;
				SWIFT_EMIT_LOC_STRINGS = YES;
				SWIFT_VERSION = 5.0;
				TARGETED_DEVICE_FAMILY = 2;
			};
			name = Release;
		};
/* End XCBuildConfiguration section */

/* Begin XCConfigurationList section */
		AC6D14B42A50528C00AADB04 /* Build configuration list for PBXProject "ETRobocon2023" */ = {
			isa = XCConfigurationList;
			buildConfigurations = (
				AC6D14C52A50528E00AADB04 /* Debug */,
				AC6D14C62A50528E00AADB04 /* Release */,
			);
			defaultConfigurationIsVisible = 0;
			defaultConfigurationName = Release;
		};
		AC6D14C72A50528E00AADB04 /* Build configuration list for PBXNativeTarget "ETRobocon2023" */ = {
			isa = XCConfigurationList;
			buildConfigurations = (
				AC6D14C82A50528E00AADB04 /* Debug */,
				AC6D14C92A50528E00AADB04 /* Release */,
			);
			defaultConfigurationIsVisible = 0;
			defaultConfigurationName = Release;
		};
/* End XCConfigurationList section */
	};
	rootObject = AC6D14B12A50528C00AADB04 /* Project object */;
}
